
Microsoft Visual Studio Solution File, Format Version 12.00
# Visual Studio Version 17
VisualStudioVersion = 17.0.32014.148
MinimumVisualStudioVersion = 10.0.40219.1
Project("{8BC9CEB8-8B4A-11D0-8D11-00A0C91BC942}") = "PackDumper", "PackDumper\PackDumper.vcxproj", "{8BD43CB9-7C36-4561-BA6B-C62F47A5F3FF}"
EndProject
Global
	GlobalSection(SolutionConfigurationPlatforms) = preSolution
		Debug|x86 = Debug|x86
		Release|x86 = Release|x86
	EndGlobalSection
	GlobalSection(ProjectConfigurationPlatforms) = postSolution
		{8BD43CB9-7C36-4561-BA6B-C62F47A5F3FF}.Debug|x64.ActiveCfg = Debug|x64
		{8BD43CB9-7C36-4561-BA6B-C62F47A5F3FF}.Debug|x64.Build.0 = Debug|x64
		{8BD43CB9-7C36-4561-BA6B-C62F47A5F3FF}.Debug|x86.ActiveCfg = Debug|Win32
		{8BD43CB9-7C36-4561-BA6B-C62F47A5F3FF}.Debug|x86.Build.0 = Debug|Win32
		{8BD43CB9-7C36-4561-BA6B-C62F47A5F3FF}.Release|x64.ActiveCfg = Release|x64
		{8BD43CB9-7C36-4561-BA6B-C62F47A5F3FF}.Release|x64.Build.0 = Release|x64
		{8BD43CB9-7C36-4561-BA6B-C62F47A5F3FF}.Release|x86.ActiveCfg = Release|Win32
		{8BD43CB9-7C36-4561-BA6B-C62F47A5F3FF}.Release|x86.Build.0 = Release|Win32
	EndGlobalSection
	GlobalSection(SolutionProperties) = preSolution
		HideSolutionNode = FALSE
	EndGlobalSection
	GlobalSection(ExtensibilityGlobals) = postSolution
		SolutionGuid = {59FDCF12-CC96-4B67-A085-77F63B31B9CE}
	EndGlobalSection
EndGlobal
