<?xml version="1.0" encoding="utf-8"?>
<Project ToolsVersion="4.0" xmlns="http://schemas.microsoft.com/developer/msbuild/2003">
  <ItemGroup>
    <Filter Include="Source Files">
      <UniqueIdentifier>{4FC737F1-C7A5-4376-A066-2A32D752A2FF}</UniqueIdentifier>
      <Extensions>cpp;c;cc;cxx;c++;cppm;ixx;def;odl;idl;hpj;bat;asm;asmx</Extensions>
    </Filter>
    <Filter Include="Header Files">
      <UniqueIdentifier>{93995380-89BD-4b04-88EB-625FBE52EBFB}</UniqueIdentifier>
      <Extensions>h;hh;hpp;hxx;h++;hm;inl;inc;ipp;xsd</Extensions>
    </Filter>
    <Filter Include="Resource Files">
      <UniqueIdentifier>{67DA6AB6-F800-4c08-8B7A-83BB121AAD01}</UniqueIdentifier>
      <Extensions>rc;ico;cur;bmp;dlg;rc2;rct;bin;rgs;gif;jpg;jpeg;jpe;resx;tiff;tif;png;wav;mfcribbon-ms</Extensions>
    </Filter>
    <Filter Include="_Extern">
      <UniqueIdentifier>{030ea759-ebe5-4f5c-9cf6-535eae27273d}</UniqueIdentifier>
    </Filter>
    <Filter Include="Cfg">
      <UniqueIdentifier>{addcc887-7f6f-498e-a5b0-33c1d0cd352e}</UniqueIdentifier>
    </Filter>
    <Filter Include="Core">
      <UniqueIdentifier>{88ccac0c-ae6b-4c70-9b45-bf03803b0f7b}</UniqueIdentifier>
    </Filter>
  </ItemGroup>
  <ItemGroup>
    <ClCompile Include="PackDumper.cpp">
      <Filter>Source Files</Filter>
    </ClCompile>
  </ItemGroup>
  <ItemGroup>
    <ClInclude Include="Header\pch.h">
      <Filter>Header Files</Filter>
    </ClInclude>
    <ClInclude Include="_Extern\xorstr.hpp">
      <Filter>_Extern</Filter>
    </ClInclude>
    <ClInclude Include="_Extern\detours.h">
      <Filter>_Extern</Filter>
    </ClInclude>
    <ClInclude Include="_Extern\UtilityFunc.h">
      <Filter>_Extern</Filter>
    </ClInclude>
    <ClInclude Include="Cfg\Cfg.h">
      <Filter>Cfg</Filter>
    </ClInclude>
    <ClInclude Include="Core\Global.h">
      <Filter>Core</Filter>
    </ClInclude>
    <ClInclude Include="Core\Dumper.h">
      <Filter>Core</Filter>
    </ClInclude>
  </ItemGroup>
</Project>